// !$*UTF8*$!
{
	archiveVersion = 1;
	classes = {
	};
	objectVersion = 46;
	objects = {

/* Begin PBXBuildFile section */
		CD1FD3301B85739F0087E1C9 /* main.m in Sources */ = {isa = PBXBuildFile; fileRef = CD1FD32F1B85739F0087E1C9 /* main.m */; };
		CD1FD3331B85739F0087E1C9 /* AppDelegate.m in Sources */ = {isa = PBXBuildFile; fileRef = CD1FD3321B85739F0087E1C9 /* AppDelegate.m */; };
		CD1FD3361B85739F0087E1C9 /* ViewController.m in Sources */ = {isa = PBXBuildFile; fileRef = CD1FD3351B85739F0087E1C9 /* ViewController.m */; };
		CD1FD3391B85739F0087E1C9 /* Main.storyboard in Resources */ = {isa = PBXBuildFile; fileRef = CD1FD3371B85739F0087E1C9 /* Main.storyboard */; };
		CD1FD33B1B85739F0087E1C9 /* Images.xcassets in Resources */ = {isa = PBXBuildFile; fileRef = CD1FD33A1B85739F0087E1C9 /* Images.xcassets */; };
		CD1FD33E1B85739F0087E1C9 /* LaunchScreen.xib in Resources */ = {isa = PBXBuildFile; fileRef = CD1FD33C1B85739F0087E1C9 /* LaunchScreen.xib */; };
		CD1FD34A1B8573A00087E1C9 /* doRemindTests.m in Sources */ = {isa = PBXBuildFile; fileRef = CD1FD3491B8573A00087E1C9 /* doRemindTests.m */; };
/* End PBXBuildFile section */

/* Begin PBXContainerItemProxy section */
		CD1FD3441B8573A00087E1C9 /* PBXContainerItemProxy */ = {
			isa = PBXContainerItemProxy;
			containerPortal = CD1FD3221B85739F0087E1C9 /* Project object */;
			proxyType = 1;
			remoteGlobalIDString = CD1FD3291B85739F0087E1C9;
			remoteInfo = doRemind;
		};
/* End PBXContainerItemProxy section */

/* Begin PBXFileReference section */
		CD1FD32A1B85739F0087E1C9 /* doRemind.app */ = {isa = PBXFileReference; explicitFileType = wrapper.application; includeInIndex = 0; path = doRemind.app; sourceTree = BUILT_PRODUCTS_DIR; };
		CD1FD32E1B85739F0087E1C9 /* Info.plist */ = {isa = PBXFileReference; lastKnownFileType = text.plist.xml; path = Info.plist; sourceTree = "<group>"; };
		CD1FD32F1B85739F0087E1C9 /* main.m */ = {isa = PBXFileReference; lastKnownFileType = sourcecode.c.objc; path = main.m; sourceTree = "<group>"; };
		CD1FD3311B85739F0087E1C9 /* AppDelegate.h */ = {isa = PBXFileReference; lastKnownFileType = sourcecode.c.h; path = AppDelegate.h; sourceTree = "<group>"; };
		CD1FD3321B85739F0087E1C9 /* AppDelegate.m */ = {isa = PBXFileReference; lastKnownFileType = sourcecode.c.objc; path = AppDelegate.m; sourceTree = "<group>"; };
		CD1FD3341B85739F0087E1C9 /* ViewController.h */ = {isa = PBXFileReference; lastKnownFileType = sourcecode.c.h; path = ViewController.h; sourceTree = "<group>"; };
		CD1FD3351B85739F0087E1C9 /* ViewController.m */ = {isa = PBXFileReference; lastKnownFileType = sourcecode.c.objc; path = ViewController.m; sourceTree = "<group>"; };
		CD1FD3381B85739F0087E1C9 /* Base */ = {isa = PBXFileReference; lastKnownFileType = file.storyboard; name = Base; path = Base.lproj/Main.storyboard; sourceTree = "<group>"; };
		CD1FD33A1B85739F0087E1C9 /* Images.xcassets */ = {isa = PBXFileReference; lastKnownFileType = folder.assetcatalog; path = Images.xcassets; sourceTree = "<group>"; };
		CD1FD33D1B85739F0087E1C9 /* Base */ = {isa = PBXFileReference; lastKnownFileType = file.xib; name = Base; path = Base.lproj/LaunchScreen.xib; sourceTree = "<group>"; };
		CD1FD3431B8573A00087E1C9 /* doRemindTests.xctest */ = {isa = PBXFileReference; explicitFileType = wrapper.cfbundle; includeInIndex = 0; path = doRemindTests.xctest; sourceTree = BUILT_PRODUCTS_DIR; };
		CD1FD3481B8573A00087E1C9 /* Info.plist */ = {isa = PBXFileReference; lastKnownFileType = text.plist.xml; path = Info.plist; sourceTree = "<group>"; };
		CD1FD3491B8573A00087E1C9 /* doRemindTests.m */ = {isa = PBXFileReference; lastKnownFileType = sourcecode.c.objc; path = doRemindTests.m; sourceTree = "<group>"; };
/* End PBXFileReference section */

/* Begin PBXFrameworksBuildPhase section */
		CD1FD3271B85739F0087E1C9 /* Frameworks */ = {
			isa = PBXFrameworksBuildPhase;
			buildActionMask = 2147483647;
			files = (
			);
			runOnlyForDeploymentPostprocessing = 0;
		};
		CD1FD3401B8573A00087E1C9 /* Frameworks */ = {
			isa = PBXFrameworksBuildPhase;
			buildActionMask = 2147483647;
			files = (
			);
			runOnlyForDeploymentPostprocessing = 0;
		};
/* End PBXFrameworksBuildPhase section */

/* Begin PBXGroup section */
		CD1FD3211B85739F0087E1C9 = {
			isa = PBXGroup;
			children = (
				CD1FD32C1B85739F0087E1C9 /* doRemind */,
				CD1FD3461B8573A00087E1C9 /* doRemindTests */,
				CD1FD32B1B85739F0087E1C9 /* Products */,
			);
			sourceTree = "<group>";
		};
		CD1FD32B1B85739F0087E1C9 /* Products */ = {
			isa = PBXGroup;
			children = (
				CD1FD32A1B85739F0087E1C9 /* doRemind.app */,
				CD1FD3431B8573A00087E1C9 /* doRemindTests.xctest */,
			);
			name = Products;
			sourceTree = "<group>";
		};
		CD1FD32C1B85739F0087E1C9 /* doRemind */ = {
			isa = PBXGroup;
			children = (
				CD1FD3311B85739F0087E1C9 /* AppDelegate.h */,
				CD1FD3321B85739F0087E1C9 /* AppDelegate.m */,
				CD1FD3341B85739F0087E1C9 /* ViewController.h */,
				CD1FD3351B85739F0087E1C9 /* ViewController.m */,
				CD1FD3371B85739F0087E1C9 /* Main.storyboard */,
				CD1FD33A1B85739F0087E1C9 /* Images.xcassets */,
				CD1FD33C1B85739F0087E1C9 /* LaunchScreen.xib */,
				CD1FD32D1B85739F0087E1C9 /* Supporting Files */,
			);
			path = doRemind;
			sourceTree = "<group>";
		};
		CD1FD32D1B85739F0087E1C9 /* Supporting Files */ = {
			isa = PBXGroup;
			children = (
				CD1FD32E1B85739F0087E1C9 /* Info.plist */,
				CD1FD32F1B85739F0087E1C9 /* main.m */,
			);
			name = "Supporting Files";
			sourceTree = "<group>";
		};
		CD1FD3461B8573A00087E1C9 /* doRemindTests */ = {
			isa = PBXGroup;
			children = (
				CD1FD3491B8573A00087E1C9 /* doRemindTests.m */,
				CD1FD3471B8573A00087E1C9 /* Supporting Files */,
			);
			path = doRemindTests;
			sourceTree = "<group>";
		};
		CD1FD3471B8573A00087E1C9 /* Supporting Files */ = {
			isa = PBXGroup;
			children = (
				CD1FD3481B8573A00087E1C9 /* Info.plist */,
			);
			name = "Supporting Files";
			sourceTree = "<group>";
		};
/* End PBXGroup section */

/* Begin PBXNativeTarget section */
		CD1FD3291B85739F0087E1C9 /* doRemind */ = {
			isa = PBXNativeTarget;
			buildConfigurationList = CD1FD34D1B8573A00087E1C9 /* Build configuration list for PBXNativeTarget "doRemind" */;
			buildPhases = (
				CD1FD3261B85739F0087E1C9 /* Sources */,
				CD1FD3271B85739F0087E1C9 /* Frameworks */,
				CD1FD3281B85739F0087E1C9 /* Resources */,
			);
			buildRules = (
			);
			dependencies = (
			);
			name = doRemind;
			productName = doRemind;
			productReference = CD1FD32A1B85739F0087E1C9 /* doRemind.app */;
			productType = "com.apple.product-type.application";
		};
		CD1FD3421B8573A00087E1C9 /* doRemindTests */ = {
			isa = PBXNativeTarget;
			buildConfigurationList = CD1FD3501B8573A00087E1C9 /* Build configuration list for PBXNativeTarget "doRemindTests" */;
			buildPhases = (
				CD1FD33F1B8573A00087E1C9 /* Sources */,
				CD1FD3401B8573A00087E1C9 /* Frameworks */,
				CD1FD3411B8573A00087E1C9 /* Resources */,
			);
			buildRules = (
			);
			dependencies = (
				CD1FD3451B8573A00087E1C9 /* PBXTargetDependency */,
			);
			name = doRemindTests;
			productName = doRemindTests;
			productReference = CD1FD3431B8573A00087E1C9 /* doRemindTests.xctest */;
			productType = "com.apple.product-type.bundle.unit-test";
		};
/* End PBXNativeTarget section */

/* Begin PBXProject section */
		CD1FD3221B85739F0087E1C9 /* Project object */ = {
			isa = PBXProject;
			attributes = {
				LastUpgradeCheck = 0610;
				ORGANIZATIONNAME = "Brian Zheng";
				TargetAttributes = {
					CD1FD3291B85739F0087E1C9 = {
						CreatedOnToolsVersion = 6.1.1;
					};
					CD1FD3421B8573A00087E1C9 = {
						CreatedOnToolsVersion = 6.1.1;
						TestTargetID = CD1FD3291B85739F0087E1C9;
					};
				};
			};
			buildConfigurationList = CD1FD3251B85739F0087E1C9 /* Build configuration list for PBXProject "doRemind" */;
			compatibilityVersion = "Xcode 3.2";
			developmentRegion = English;
			hasScannedForEncodings = 0;
			knownRegions = (
				en,
				Base,
			);
			mainGroup = CD1FD3211B85739F0087E1C9;
			productRefGroup = CD1FD32B1B85739F0087E1C9 /* Products */;
			projectDirPath = "";
			projectRoot = "";
			targets = (
				CD1FD3291B85739F0087E1C9 /* doRemind */,
				CD1FD3421B8573A00087E1C9 /* doRemindTests */,
			);
		};
/* End PBXProject section */

/* Begin PBXResourcesBuildPhase section */
		CD1FD3281B85739F0087E1C9 /* Resources */ = {
			isa = PBXResourcesBuildPhase;
			buildActionMask = 2147483647;
			files = (
				CD1FD3391B85739F0087E1C9 /* Main.storyboard in Resources */,
				CD1FD33E1B85739F0087E1C9 /* LaunchScreen.xib in Resources */,
				CD1FD33B1B85739F0087E1C9 /* Images.xcassets in Resources */,
			);
			runOnlyForDeploymentPostprocessing = 0;
		};
		CD1FD3411B8573A00087E1C9 /* Resources */ = {
			isa = PBXResourcesBuildPhase;
			buildActionMask = 2147483647;
			files = (
			);
			runOnlyForDeploymentPostprocessing = 0;
		};
/* End PBXResourcesBuildPhase section */

/* Begin PBXSourcesBuildPhase section */
		CD1FD3261B85739F0087E1C9 /* Sources */ = {
			isa = PBXSourcesBuildPhase;
			buildActionMask = 2147483647;
			files = (
				CD1FD3361B85739F0087E1C9 /* ViewController.m in Sources */,
				CD1FD3331B85739F0087E1C9 /* AppDelegate.m in Sources */,
				CD1FD3301B85739F0087E1C9 /* main.m in Sources */,
			);
			runOnlyForDeploymentPostprocessing = 0;
		};
		CD1FD33F1B8573A00087E1C9 /* Sources */ = {
			isa = PBXSourcesBuildPhase;
			buildActionMask = 2147483647;
			files = (
				CD1FD34A1B8573A00087E1C9 /* doRemindTests.m in Sources */,
			);
			runOnlyForDeploymentPostprocessing = 0;
		};
/* End PBXSourcesBuildPhase section */

/* Begin PBXTargetDependency section */
		CD1FD3451B8573A00087E1C9 /* PBXTargetDependency */ = {
			isa = PBXTargetDependency;
			target = CD1FD3291B85739F0087E1C9 /* doRemind */;
			targetProxy = CD1FD3441B8573A00087E1C9 /* PBXContainerItemProxy */;
		};
/* End PBXTargetDependency section */

/* Begin PBXVariantGroup section */
		CD1FD3371B85739F0087E1C9 /* Main.storyboard */ = {
			isa = PBXVariantGroup;
			children = (
				CD1FD3381B85739F0087E1C9 /* Base */,
			);
			name = Main.storyboard;
			sourceTree = "<group>";
		};
		CD1FD33C1B85739F0087E1C9 /* LaunchScreen.xib */ = {
			isa = PBXVariantGroup;
			children = (
				CD1FD33D1B85739F0087E1C9 /* Base */,
			);
			name = LaunchScreen.xib;
			sourceTree = "<group>";
		};
/* End PBXVariantGroup section */

/* Begin XCBuildConfiguration section */
		CD1FD34B1B8573A00087E1C9 /* Debug */ = {
			isa = XCBuildConfiguration;
			buildSettings = {
				ALWAYS_SEARCH_USER_PATHS = NO;
				CLANG_CXX_LANGUAGE_STANDARD = "gnu++0x";
				CLANG_CXX_LIBRARY = "libc++";
				CLANG_ENABLE_MODULES = YES;
				CLANG_ENABLE_OBJC_ARC = YES;
				CLANG_WARN_BOOL_CONVERSION = YES;
				CLANG_WARN_CONSTANT_CONVERSION = YES;
				CLANG_WARN_DIRECT_OBJC_ISA_USAGE = YES_ERROR;
				CLANG_WARN_EMPTY_BODY = YES;
				CLANG_WARN_ENUM_CONVERSION = YES;
				CLANG_WARN_INT_CONVERSION = YES;
				CLANG_WARN_OBJC_ROOT_CLASS = YES_ERROR;
				CLANG_WARN_UNREACHABLE_CODE = YES;
				CLANG_WARN__DUPLICATE_METHOD_MATCH = YES;
				"CODE_SIGN_IDENTITY[sdk=iphoneos*]" = "iPhone Developer";
				COPY_PHASE_STRIP = NO;
				ENABLE_STRICT_OBJC_MSGSEND = YES;
				GCC_C_LANGUAGE_STANDARD = gnu99;
				GCC_DYNAMIC_NO_PIC = NO;
				GCC_OPTIMIZATION_LEVEL = 0;
				GCC_PREPROCESSOR_DEFINITIONS = (
					"DEBUG=1",
					"$(inherited)",
				);
				GCC_SYMBOLS_PRIVATE_EXTERN = NO;
				GCC_WARN_64_TO_32_BIT_CONVERSION = YES;
				GCC_WARN_ABOUT_RETURN_TYPE = YES_ERROR;
				GCC_WARN_UNDECLARED_SELECTOR = YES;
				GCC_WARN_UNINITIALIZED_AUTOS = YES_AGGRESSIVE;
				GCC_WARN_UNUSED_FUNCTION = YES;
				GCC_WARN_UNUSED_VARIABLE = YES;
				IPHONEOS_DEPLOYMENT_TARGET = 8.1;
				MTL_ENABLE_DEBUG_INFO = YES;
				ONLY_ACTIVE_ARCH = YES;
				SDKROOT = iphoneos;
				TARGETED_DEVICE_FAMILY = "1,2";
			};
			name = Debug;
		};
		CD1FD34C1B8573A00087E1C9 /* Release */ = {
			isa = XCBuildConfiguration;
			buildSettings = {
				ALWAYS_SEARCH_USER_PATHS = NO;
				CLANG_CXX_LANGUAGE_STANDARD = "gnu++0x";
				CLANG_CXX_LIBRARY = "libc++";
				CLANG_ENABLE_MODULES = YES;
				CLANG_ENABLE_OBJC_ARC = YES;
				CLANG_WARN_BOOL_CONVERSION = YES;
				CLANG_WARN_CONSTANT_CONVERSION = YES;
				CLANG_WARN_DIRECT_OBJC_ISA_USAGE = YES_ERROR;
				CLANG_WARN_EMPTY_BODY = YES;
				CLANG_WARN_ENUM_CONVERSION = YES;
				CLANG_WARN_INT_CONVERSION = YES;
				CLANG_WARN_OBJC_ROOT_CLASS = YES_ERROR;
				CLANG_WARN_UNREACHABLE_CODE = YES;
				CLANG_WARN__DUPLICATE_METHOD_MATCH = YES;
				"CODE_SIGN_IDENTITY[sdk=iphoneos*]" = "iPhone Developer";
				COPY_PHASE_STRIP = YES;
				ENABLE_NS_ASSERTIONS = NO;
				ENABLE_STRICT_OBJC_MSGSEND = YES;
				GCC_C_LANGUAGE_STANDARD = gnu99;
				GCC_WARN_64_TO_32_BIT_CONVERSION = YES;
				GCC_WARN_ABOUT_RETURN_TYPE = YES_ERROR;
				GCC_WARN_UNDECLARED_SELECTOR = YES;
				GCC_WARN_UNINITIALIZED_AUTOS = YES_AGGRESSIVE;
				GCC_WARN_UNUSED_FUNCTION = YES;
				GCC_WARN_UNUSED_VARIABLE = YES;
				IPHONEOS_DEPLOYMENT_TARGET = 8.1;
				MTL_ENABLE_DEBUG_INFO = NO;
				SDKROOT = iphoneos;
				TARGETED_DEVICE_FAMILY = "1,2";
				VALIDATE_PRODUCT = YES;
			};
			name = Release;
		};
		CD1FD34E1B8573A00087E1C9 /* Debug */ = {
			isa = XCBuildConfiguration;
			buildSettings = {
				ASSETCATALOG_COMPILER_APPICON_NAME = AppIcon;
				INFOPLIST_FILE = doRemind/Info.plist;
				LD_RUNPATH_SEARCH_PATHS = "$(inherited) @executable_path/Frameworks";
				PRODUCT_NAME = "$(TARGET_NAME)";
			};
			name = Debug;
		};
		CD1FD34F1B8573A00087E1C9 /* Release */ = {
			isa = XCBuildConfiguration;
			buildSettings = {
				ASSETCATALOG_COMPILER_APPICON_NAME = AppIcon;
				INFOPLIST_FILE = doRemind/Info.plist;
				LD_RUNPATH_SEARCH_PATHS = "$(inherited) @executable_path/Frameworks";
				PRODUCT_NAME = "$(TARGET_NAME)";
			};
			name = Release;
		};
		CD1FD3511B8573A00087E1C9 /* Debug */ = {
			isa = XCBuildConfiguration;
			buildSettings = {
				BUNDLE_LOADER = "$(TEST_HOST)";
				FRAMEWORK_SEARCH_PATHS = (
					"$(SDKROOT)/Developer/Library/Frameworks",
					"$(inherited)",
				);
				GCC_PREPROCESSOR_DEFINITIONS = (
					"DEBUG=1",
					"$(inherited)",
				);
				INFOPLIST_FILE = doRemindTests/Info.plist;
				LD_RUNPATH_SEARCH_PATHS = "$(inherited) @executable_path/Frameworks @loader_path/Frameworks";
				PRODUCT_NAME = "$(TARGET_NAME)";
				TEST_HOST = "$(BUILT_PRODUCTS_DIR)/doRemind.app/doRemind";
			};
			name = Debug;
		};
		CD1FD3521B8573A00087E1C9 /* Release */ = {
			isa = XCBuildConfiguration;
			buildSettings = {
				BUNDLE_LOADER = "$(TEST_HOST)";
				FRAMEWORK_SEARCH_PATHS = (
					"$(SDKROOT)/Developer/Library/Frameworks",
					"$(inherited)",
				);
				INFOPLIST_FILE = doRemindTests/Info.plist;
				LD_RUNPATH_SEARCH_PATHS = "$(inherited) @executable_path/Frameworks @loader_path/Frameworks";
				PRODUCT_NAME = "$(TARGET_NAME)";
				TEST_HOST = "$(BUILT_PRODUCTS_DIR)/doRemind.app/doRemind";
			};
			name = Release;
		};
/* End XCBuildConfiguration section */

/* Begin XCConfigurationList section */
		CD1FD3251B85739F0087E1C9 /* Build configuration list for PBXProject "doRemind" */ = {
			isa = XCConfigurationList;
			buildConfigurations = (
				CD1FD34B1B8573A00087E1C9 /* Debug */,
				CD1FD34C1B8573A00087E1C9 /* Release */,
			);
			defaultConfigurationIsVisible = 0;
			defaultConfigurationName = Release;
		};
		CD1FD34D1B8573A00087E1C9 /* Build configuration list for PBXNativeTarget "doRemind" */ = {
			isa = XCConfigurationList;
			buildConfigurations = (
				CD1FD34E1B8573A00087E1C9 /* Debug */,
				CD1FD34F1B8573A00087E1C9 /* Release */,
			);
			defaultConfigurationIsVisible = 0;
		};
		CD1FD3501B8573A00087E1C9 /* Build configuration list for PBXNativeTarget "doRemindTests" */ = {
			isa = XCConfigurationList;
			buildConfigurations = (
				CD1FD3511B8573A00087E1C9 /* Debug */,
				CD1FD3521B8573A00087E1C9 /* Release */,
			);
			defaultConfigurationIsVisible = 0;
		};
/* End XCConfigurationList section */
	};
	rootObject = CD1FD3221B85739F0087E1C9 /* Project object */;
}
